// !$*UTF8*$!
{
	archiveVersion = 1;
	classes = {
	};
	objectVersion = 56;
	objects = {

/* Begin PBXBuildFile section */
		5CB427612B28031B00CB0A87 /* MenuPrincipal.swift in Sources */ = {isa = PBXBuildFile; fileRef = 5CB427602B28031B00CB0A87 /* MenuPrincipal.swift */; };
		5CB427632B28049000CB0A87 /* MenuMascotas.swift in Sources */ = {isa = PBXBuildFile; fileRef = 5CB427622B28049000CB0A87 /* MenuMascotas.swift */; };
		5CB427662B280FE300CB0A87 /* Model.swift in Sources */ = {isa = PBXBuildFile; fileRef = 5CB427652B280FE300CB0A87 /* Model.swift */; };
		5CB427682B28102700CB0A87 /* Mascota.swift in Sources */ = {isa = PBXBuildFile; fileRef = 5CB427672B28102700CB0A87 /* Mascota.swift */; };
		5CB4276A2B28105000CB0A87 /* ListaDeMascotas.swift in Sources */ = {isa = PBXBuildFile; fileRef = 5CB427692B28105000CB0A87 /* ListaDeMascotas.swift */; };
		5CB4276C2B28643C00CB0A87 /* PetDetail.swift in Sources */ = {isa = PBXBuildFile; fileRef = 5CB4276B2B28643C00CB0A87 /* PetDetail.swift */; };
		5CB4276E2B2870D500CB0A87 /* ProductoDelCarro.swift in Sources */ = {isa = PBXBuildFile; fileRef = 5CB4276D2B2870D500CB0A87 /* ProductoDelCarro.swift */; };
		FB01A57F2AFC4358002D7A94 /* DetailView.swift in Sources */ = {isa = PBXBuildFile; fileRef = FB01A57E2AFC4358002D7A94 /* DetailView.swift */; };
		FB0F15482B0EB9F900D3B2E2 /* BuysViewController.swift in Sources */ = {isa = PBXBuildFile; fileRef = FB0F15472B0EB9F900D3B2E2 /* BuysViewController.swift */; };
		FB6821572AF99809004D6B64 /* AppDelegate.swift in Sources */ = {isa = PBXBuildFile; fileRef = FB6821562AF99809004D6B64 /* AppDelegate.swift */; };
		FB6821592AF99809004D6B64 /* SceneDelegate.swift in Sources */ = {isa = PBXBuildFile; fileRef = FB6821582AF99809004D6B64 /* SceneDelegate.swift */; };
		FB68215B2AF99809004D6B64 /* ViewController.swift in Sources */ = {isa = PBXBuildFile; fileRef = FB68215A2AF99809004D6B64 /* ViewController.swift */; };
		FB68215E2AF99809004D6B64 /* Main.storyboard in Resources */ = {isa = PBXBuildFile; fileRef = FB68215C2AF99809004D6B64 /* Main.storyboard */; };
		FB6821602AF9980A004D6B64 /* Assets.xcassets in Resources */ = {isa = PBXBuildFile; fileRef = FB68215F2AF9980A004D6B64 /* Assets.xcassets */; };
		FB6821632AF9980A004D6B64 /* LaunchScreen.storyboard in Resources */ = {isa = PBXBuildFile; fileRef = FB6821612AF9980A004D6B64 /* LaunchScreen.storyboard */; };
/* End PBXBuildFile section */

/* Begin PBXFileReference section */
		5CB427602B28031B00CB0A87 /* MenuPrincipal.swift */ = {isa = PBXFileReference; lastKnownFileType = sourcecode.swift; path = MenuPrincipal.swift; sourceTree = "<group>"; };
		5CB427622B28049000CB0A87 /* MenuMascotas.swift */ = {isa = PBXFileReference; lastKnownFileType = sourcecode.swift; path = MenuMascotas.swift; sourceTree = "<group>"; };
		5CB427652B280FE300CB0A87 /* Model.swift */ = {isa = PBXFileReference; lastKnownFileType = sourcecode.swift; path = Model.swift; sourceTree = "<group>"; };
		5CB427672B28102700CB0A87 /* Mascota.swift */ = {isa = PBXFileReference; lastKnownFileType = sourcecode.swift; path = Mascota.swift; sourceTree = "<group>"; };
		5CB427692B28105000CB0A87 /* ListaDeMascotas.swift */ = {isa = PBXFileReference; lastKnownFileType = sourcecode.swift; path = ListaDeMascotas.swift; sourceTree = "<group>"; };
		5CB4276B2B28643C00CB0A87 /* PetDetail.swift */ = {isa = PBXFileReference; lastKnownFileType = sourcecode.swift; path = PetDetail.swift; sourceTree = "<group>"; };
		5CB4276D2B2870D500CB0A87 /* ProductoDelCarro.swift */ = {isa = PBXFileReference; lastKnownFileType = sourcecode.swift; path = ProductoDelCarro.swift; sourceTree = "<group>"; };
		FB01A57E2AFC4358002D7A94 /* DetailView.swift */ = {isa = PBXFileReference; lastKnownFileType = sourcecode.swift; path = DetailView.swift; sourceTree = "<group>"; };
		FB0F15472B0EB9F900D3B2E2 /* BuysViewController.swift */ = {isa = PBXFileReference; lastKnownFileType = sourcecode.swift; path = BuysViewController.swift; sourceTree = "<group>"; };
		FB6821532AF99809004D6B64 /* P_Final.app */ = {isa = PBXFileReference; explicitFileType = wrapper.application; includeInIndex = 0; path = P_Final.app; sourceTree = BUILT_PRODUCTS_DIR; };
		FB6821562AF99809004D6B64 /* AppDelegate.swift */ = {isa = PBXFileReference; lastKnownFileType = sourcecode.swift; path = AppDelegate.swift; sourceTree = "<group>"; };
		FB6821582AF99809004D6B64 /* SceneDelegate.swift */ = {isa = PBXFileReference; lastKnownFileType = sourcecode.swift; path = SceneDelegate.swift; sourceTree = "<group>"; };
		FB68215A2AF99809004D6B64 /* ViewController.swift */ = {isa = PBXFileReference; lastKnownFileType = sourcecode.swift; path = ViewController.swift; sourceTree = "<group>"; };
		FB68215D2AF99809004D6B64 /* Base */ = {isa = PBXFileReference; lastKnownFileType = file.storyboard; name = Base; path = Base.lproj/Main.storyboard; sourceTree = "<group>"; };
		FB68215F2AF9980A004D6B64 /* Assets.xcassets */ = {isa = PBXFileReference; lastKnownFileType = folder.assetcatalog; path = Assets.xcassets; sourceTree = "<group>"; };
		FB6821622AF9980A004D6B64 /* Base */ = {isa = PBXFileReference; lastKnownFileType = file.storyboard; name = Base; path = Base.lproj/LaunchScreen.storyboard; sourceTree = "<group>"; };
		FB6821642AF9980A004D6B64 /* Info.plist */ = {isa = PBXFileReference; lastKnownFileType = text.plist.xml; path = Info.plist; sourceTree = "<group>"; };
/* End PBXFileReference section */

/* Begin PBXFrameworksBuildPhase section */
		FB6821502AF99809004D6B64 /* Frameworks */ = {
			isa = PBXFrameworksBuildPhase;
			buildActionMask = 2147483647;
			files = (
			);
			runOnlyForDeploymentPostprocessing = 0;
		};
/* End PBXFrameworksBuildPhase section */

/* Begin PBXGroup section */
		5CB427642B280FD100CB0A87 /* New Group */ = {
			isa = PBXGroup;
			children = (
				5CB427652B280FE300CB0A87 /* Model.swift */,
				5CB427672B28102700CB0A87 /* Mascota.swift */,
				5CB427692B28105000CB0A87 /* ListaDeMascotas.swift */,
			);
			path = "New Group";
			sourceTree = "<group>";
		};
		FB68214A2AF99809004D6B64 = {
			isa = PBXGroup;
			children = (
				FB6821552AF99809004D6B64 /* P_Final */,
				FB6821542AF99809004D6B64 /* Products */,
			);
			sourceTree = "<group>";
		};
		FB6821542AF99809004D6B64 /* Products */ = {
			isa = PBXGroup;
			children = (
				FB6821532AF99809004D6B64 /* P_Final.app */,
			);
			name = Products;
			sourceTree = "<group>";
		};
		FB6821552AF99809004D6B64 /* P_Final */ = {
			isa = PBXGroup;
			children = (
				5CB427642B280FD100CB0A87 /* New Group */,
				FB6821562AF99809004D6B64 /* AppDelegate.swift */,
				FB6821582AF99809004D6B64 /* SceneDelegate.swift */,
				FB68215A2AF99809004D6B64 /* ViewController.swift */,
				FB68215C2AF99809004D6B64 /* Main.storyboard */,
				FB68215F2AF9980A004D6B64 /* Assets.xcassets */,
				FB6821612AF9980A004D6B64 /* LaunchScreen.storyboard */,
				FB6821642AF9980A004D6B64 /* Info.plist */,
				FB01A57E2AFC4358002D7A94 /* DetailView.swift */,
				FB0F15472B0EB9F900D3B2E2 /* BuysViewController.swift */,
				5CB427602B28031B00CB0A87 /* MenuPrincipal.swift */,
				5CB427622B28049000CB0A87 /* MenuMascotas.swift */,
				5CB4276B2B28643C00CB0A87 /* PetDetail.swift */,
				5CB4276D2B2870D500CB0A87 /* ProductoDelCarro.swift */,
			);
			path = P_Final;
			sourceTree = "<group>";
		};
/* End PBXGroup section */

/* Begin PBXNativeTarget section */
		FB6821522AF99809004D6B64 /* P_Final */ = {
			isa = PBXNativeTarget;
			buildConfigurationList = FB6821672AF9980A004D6B64 /* Build configuration list for PBXNativeTarget "P_Final" */;
			buildPhases = (
				FB68214F2AF99809004D6B64 /* Sources */,
				FB6821502AF99809004D6B64 /* Frameworks */,
				FB6821512AF99809004D6B64 /* Resources */,
			);
			buildRules = (
			);
			dependencies = (
			);
			name = P_Final;
			productName = P_Final;
			productReference = FB6821532AF99809004D6B64 /* P_Final.app */;
			productType = "com.apple.product-type.application";
		};
/* End PBXNativeTarget section */

/* Begin PBXProject section */
		FB68214B2AF99809004D6B64 /* Project object */ = {
			isa = PBXProject;
			attributes = {
				BuildIndependentTargetsInParallel = 1;
				LastSwiftUpdateCheck = 1430;
				LastUpgradeCheck = 1430;
				TargetAttributes = {
					FB6821522AF99809004D6B64 = {
						CreatedOnToolsVersion = 14.3.1;
					};
				};
			};
			buildConfigurationList = FB68214E2AF99809004D6B64 /* Build configuration list for PBXProject "P_Final" */;
			compatibilityVersion = "Xcode 14.0";
			developmentRegion = en;
			hasScannedForEncodings = 0;
			knownRegions = (
				en,
				Base,
			);
			mainGroup = FB68214A2AF99809004D6B64;
			productRefGroup = FB6821542AF99809004D6B64 /* Products */;
			projectDirPath = "";
			projectRoot = "";
			targets = (
				FB6821522AF99809004D6B64 /* P_Final */,
			);
		};
/* End PBXProject section */

/* Begin PBXResourcesBuildPhase section */
		FB6821512AF99809004D6B64 /* Resources */ = {
			isa = PBXResourcesBuildPhase;
			buildActionMask = 2147483647;
			files = (
				FB6821632AF9980A004D6B64 /* LaunchScreen.storyboard in Resources */,
				FB6821602AF9980A004D6B64 /* Assets.xcassets in Resources */,
				FB68215E2AF99809004D6B64 /* Main.storyboard in Resources */,
			);
			runOnlyForDeploymentPostprocessing = 0;
		};
/* End PBXResourcesBuildPhase section */

/* Begin PBXSourcesBuildPhase section */
		FB68214F2AF99809004D6B64 /* Sources */ = {
			isa = PBXSourcesBuildPhase;
			buildActionMask = 2147483647;
			files = (
				5CB427682B28102700CB0A87 /* Mascota.swift in Sources */,
				5CB4276E2B2870D500CB0A87 /* ProductoDelCarro.swift in Sources */,
				5CB427662B280FE300CB0A87 /* Model.swift in Sources */,
				FB68215B2AF99809004D6B64 /* ViewController.swift in Sources */,
				FB6821572AF99809004D6B64 /* AppDelegate.swift in Sources */,
				FB6821592AF99809004D6B64 /* SceneDelegate.swift in Sources */,
				5CB4276A2B28105000CB0A87 /* ListaDeMascotas.swift in Sources */,
				FB01A57F2AFC4358002D7A94 /* DetailView.swift in Sources */,
				5CB427632B28049000CB0A87 /* MenuMascotas.swift in Sources */,
				FB0F15482B0EB9F900D3B2E2 /* BuysViewController.swift in Sources */,
				5CB4276C2B28643C00CB0A87 /* PetDetail.swift in Sources */,
				5CB427612B28031B00CB0A87 /* MenuPrincipal.swift in Sources */,
			);
			runOnlyForDeploymentPostprocessing = 0;
		};
/* End PBXSourcesBuildPhase section */

/* Begin PBXVariantGroup section */
		FB68215C2AF99809004D6B64 /* Main.storyboard */ = {
			isa = PBXVariantGroup;
			children = (
				FB68215D2AF99809004D6B64 /* Base */,
			);
			name = Main.storyboard;
			sourceTree = "<group>";
		};
		FB6821612AF9980A004D6B64 /* LaunchScreen.storyboard */ = {
			isa = PBXVariantGroup;
			children = (
				FB6821622AF9980A004D6B64 /* Base */,
			);
			name = LaunchScreen.storyboard;
			sourceTree = "<group>";
		};
/* End PBXVariantGroup section */

/* Begin XCBuildConfiguration section */
		FB6821652AF9980A004D6B64 /* Debug */ = {
			isa = XCBuildConfiguration;
			buildSettings = {
				ALWAYS_SEARCH_USER_PATHS = NO;
				CLANG_ANALYZER_NONNULL = YES;
				CLANG_ANALYZER_NUMBER_OBJECT_CONVERSION = YES_AGGRESSIVE;
				CLANG_CXX_LANGUAGE_STANDARD = "gnu++20";
				CLANG_ENABLE_MODULES = YES;
				CLANG_ENABLE_OBJC_ARC = YES;
				CLANG_ENABLE_OBJC_WEAK = YES;
				CLANG_WARN_BLOCK_CAPTURE_AUTORELEASING = YES;
				CLANG_WARN_BOOL_CONVERSION = YES;
				CLANG_WARN_COMMA = YES;
				CLANG_WARN_CONSTANT_CONVERSION = YES;
				CLANG_WARN_DEPRECATED_OBJC_IMPLEMENTATIONS = YES;
				CLANG_WARN_DIRECT_OBJC_ISA_USAGE = YES_ERROR;
				CLANG_WARN_DOCUMENTATION_COMMENTS = YES;
				CLANG_WARN_EMPTY_BODY = YES;
				CLANG_WARN_ENUM_CONVERSION = YES;
				CLANG_WARN_INFINITE_RECURSION = YES;
				CLANG_WARN_INT_CONVERSION = YES;
				CLANG_WARN_NON_LITERAL_NULL_CONVERSION = YES;
				CLANG_WARN_OBJC_IMPLICIT_RETAIN_SELF = YES;
				CLANG_WARN_OBJC_LITERAL_CONVERSION = YES;
				CLANG_WARN_OBJC_ROOT_CLASS = YES_ERROR;
				CLANG_WARN_QUOTED_INCLUDE_IN_FRAMEWORK_HEADER = YES;
				CLANG_WARN_RANGE_LOOP_ANALYSIS = YES;
				CLANG_WARN_STRICT_PROTOTYPES = YES;
				CLANG_WARN_SUSPICIOUS_MOVE = YES;
				CLANG_WARN_UNGUARDED_AVAILABILITY = YES_AGGRESSIVE;
				CLANG_WARN_UNREACHABLE_CODE = YES;
				CLANG_WARN__DUPLICATE_METHOD_MATCH = YES;
				COPY_PHASE_STRIP = NO;
				DEBUG_INFORMATION_FORMAT = dwarf;
				ENABLE_STRICT_OBJC_MSGSEND = YES;
				ENABLE_TESTABILITY = YES;
				GCC_C_LANGUAGE_STANDARD = gnu11;
				GCC_DYNAMIC_NO_PIC = NO;
				GCC_NO_COMMON_BLOCKS = YES;
				GCC_OPTIMIZATION_LEVEL = 0;
				GCC_PREPROCESSOR_DEFINITIONS = (
					"DEBUG=1",
					"$(inherited)",
				);
				GCC_WARN_64_TO_32_BIT_CONVERSION = YES;
				GCC_WARN_ABOUT_RETURN_TYPE = YES_ERROR;
				GCC_WARN_UNDECLARED_SELECTOR = YES;
				GCC_WARN_UNINITIALIZED_AUTOS = YES_AGGRESSIVE;
				GCC_WARN_UNUSED_FUNCTION = YES;
				GCC_WARN_UNUSED_VARIABLE = YES;
				IPHONEOS_DEPLOYMENT_TARGET = 16.4;
				MTL_ENABLE_DEBUG_INFO = INCLUDE_SOURCE;
				MTL_FAST_MATH = YES;
				ONLY_ACTIVE_ARCH = YES;
				SDKROOT = iphoneos;
				SWIFT_ACTIVE_COMPILATION_CONDITIONS = DEBUG;
				SWIFT_OPTIMIZATION_LEVEL = "-Onone";
			};
			name = Debug;
		};
		FB6821662AF9980A004D6B64 /* Release */ = {
			isa = XCBuildConfiguration;
			buildSettings = {
				ALWAYS_SEARCH_USER_PATHS = NO;
				CLANG_ANALYZER_NONNULL = YES;
				CLANG_ANALYZER_NUMBER_OBJECT_CONVERSION = YES_AGGRESSIVE;
				CLANG_CXX_LANGUAGE_STANDARD = "gnu++20";
				CLANG_ENABLE_MODULES = YES;
				CLANG_ENABLE_OBJC_ARC = YES;
				CLANG_ENABLE_OBJC_WEAK = YES;
				CLANG_WARN_BLOCK_CAPTURE_AUTORELEASING = YES;
				CLANG_WARN_BOOL_CONVERSION = YES;
				CLANG_WARN_COMMA = YES;
				CLANG_WARN_CONSTANT_CONVERSION = YES;
				CLANG_WARN_DEPRECATED_OBJC_IMPLEMENTATIONS = YES;
				CLANG_WARN_DIRECT_OBJC_ISA_USAGE = YES_ERROR;
				CLANG_WARN_DOCUMENTATION_COMMENTS = YES;
				CLANG_WARN_EMPTY_BODY = YES;
				CLANG_WARN_ENUM_CONVERSION = YES;
				CLANG_WARN_INFINITE_RECURSION = YES;
				CLANG_WARN_INT_CONVERSION = YES;
				CLANG_WARN_NON_LITERAL_NULL_CONVERSION = YES;
				CLANG_WARN_OBJC_IMPLICIT_RETAIN_SELF = YES;
				CLANG_WARN_OBJC_LITERAL_CONVERSION = YES;
				CLANG_WARN_OBJC_ROOT_CLASS = YES_ERROR;
				CLANG_WARN_QUOTED_INCLUDE_IN_FRAMEWORK_HEADER = YES;
				CLANG_WARN_RANGE_LOOP_ANALYSIS = YES;
				CLANG_WARN_STRICT_PROTOTYPES = YES;
				CLANG_WARN_SUSPICIOUS_MOVE = YES;
				CLANG_WARN_UNGUARDED_AVAILABILITY = YES_AGGRESSIVE;
				CLANG_WARN_UNREACHABLE_CODE = YES;
				CLANG_WARN__DUPLICATE_METHOD_MATCH = YES;
				COPY_PHASE_STRIP = NO;
				DEBUG_INFORMATION_FORMAT = "dwarf-with-dsym";
				ENABLE_NS_ASSERTIONS = NO;
				ENABLE_STRICT_OBJC_MSGSEND = YES;
				GCC_C_LANGUAGE_STANDARD = gnu11;
				GCC_NO_COMMON_BLOCKS = YES;
				GCC_WARN_64_TO_32_BIT_CONVERSION = YES;
				GCC_WARN_ABOUT_RETURN_TYPE = YES_ERROR;
				GCC_WARN_UNDECLARED_SELECTOR = YES;
				GCC_WARN_UNINITIALIZED_AUTOS = YES_AGGRESSIVE;
				GCC_WARN_UNUSED_FUNCTION = YES;
				GCC_WARN_UNUSED_VARIABLE = YES;
				IPHONEOS_DEPLOYMENT_TARGET = 16.4;
				MTL_ENABLE_DEBUG_INFO = NO;
				MTL_FAST_MATH = YES;
				SDKROOT = iphoneos;
				SWIFT_COMPILATION_MODE = wholemodule;
				SWIFT_OPTIMIZATION_LEVEL = "-O";
				VALIDATE_PRODUCT = YES;
			};
			name = Release;
		};
		FB6821682AF9980A004D6B64 /* Debug */ = {
			isa = XCBuildConfiguration;
			buildSettings = {
				ASSETCATALOG_COMPILER_APPICON_NAME = AppIcon;
				ASSETCATALOG_COMPILER_GLOBAL_ACCENT_COLOR_NAME = AccentColor;
				CODE_SIGN_STYLE = Automatic;
				CURRENT_PROJECT_VERSION = 1;
				GENERATE_INFOPLIST_FILE = YES;
				INFOPLIST_FILE = P_Final/Info.plist;
				INFOPLIST_KEY_UIApplicationSupportsIndirectInputEvents = YES;
				INFOPLIST_KEY_UILaunchStoryboardName = LaunchScreen;
				INFOPLIST_KEY_UIMainStoryboardFile = Main;
				INFOPLIST_KEY_UISupportedInterfaceOrientations_iPad = "UIInterfaceOrientationPortrait UIInterfaceOrientationPortraitUpsideDown UIInterfaceOrientationLandscapeLeft UIInterfaceOrientationLandscapeRight";
				INFOPLIST_KEY_UISupportedInterfaceOrientations_iPhone = "UIInterfaceOrientationPortrait UIInterfaceOrientationLandscapeLeft UIInterfaceOrientationLandscapeRight";
				LD_RUNPATH_SEARCH_PATHS = (
					"$(inherited)",
					"@executable_path/Frameworks",
				);
				MARKETING_VERSION = 1.0;
				PRODUCT_BUNDLE_IDENTIFIER = "UNAM.P-Final";
				PRODUCT_NAME = "$(TARGET_NAME)";
				SUPPORTED_PLATFORMS = "iphoneos iphonesimulator";
				SUPPORTS_MACCATALYST = NO;
				SUPPORTS_MAC_DESIGNED_FOR_IPHONE_IPAD = NO;
				SWIFT_EMIT_LOC_STRINGS = YES;
				SWIFT_VERSION = 5.0;
				TARGETED_DEVICE_FAMILY = 1;
			};
			name = Debug;
		};
		FB6821692AF9980A004D6B64 /* Release */ = {
			isa = XCBuildConfiguration;
			buildSettings = {
				ASSETCATALOG_COMPILER_APPICON_NAME = AppIcon;
				ASSETCATALOG_COMPILER_GLOBAL_ACCENT_COLOR_NAME = AccentColor;
				CODE_SIGN_STYLE = Automatic;
				CURRENT_PROJECT_VERSION = 1;
				GENERATE_INFOPLIST_FILE = YES;
				INFOPLIST_FILE = P_Final/Info.plist;
				INFOPLIST_KEY_UIApplicationSupportsIndirectInputEvents = YES;
				INFOPLIST_KEY_UILaunchStoryboardName = LaunchScreen;
				INFOPLIST_KEY_UIMainStoryboardFile = Main;
				INFOPLIST_KEY_UISupportedInterfaceOrientations_iPad = "UIInterfaceOrientationPortrait UIInterfaceOrientationPortraitUpsideDown UIInterfaceOrientationLandscapeLeft UIInterfaceOrientationLandscapeRight";
				INFOPLIST_KEY_UISupportedInterfaceOrientations_iPhone = "UIInterfaceOrientationPortrait UIInterfaceOrientationLandscapeLeft UIInterfaceOrientationLandscapeRight";
				LD_RUNPATH_SEARCH_PATHS = (
					"$(inherited)",
					"@executable_path/Frameworks",
				);
				MARKETING_VERSION = 1.0;
				PRODUCT_BUNDLE_IDENTIFIER = "UNAM.P-Final";
				PRODUCT_NAME = "$(TARGET_NAME)";
				SUPPORTED_PLATFORMS = "iphoneos iphonesimulator";
				SUPPORTS_MACCATALYST = NO;
				SUPPORTS_MAC_DESIGNED_FOR_IPHONE_IPAD = NO;
				SWIFT_EMIT_LOC_STRINGS = YES;
				SWIFT_VERSION = 5.0;
				TARGETED_DEVICE_FAMILY = 1;
			};
			name = Release;
		};
/* End XCBuildConfiguration section */

/* Begin XCConfigurationList section */
		FB68214E2AF99809004D6B64 /* Build configuration list for PBXProject "P_Final" */ = {
			isa = XCConfigurationList;
			buildConfigurations = (
				FB6821652AF9980A004D6B64 /* Debug */,
				FB6821662AF9980A004D6B64 /* Release */,
			);
			defaultConfigurationIsVisible = 0;
			defaultConfigurationName = Release;
		};
		FB6821672AF9980A004D6B64 /* Build configuration list for PBXNativeTarget "P_Final" */ = {
			isa = XCConfigurationList;
			buildConfigurations = (
				FB6821682AF9980A004D6B64 /* Debug */,
				FB6821692AF9980A004D6B64 /* Release */,
			);
			defaultConfigurationIsVisible = 0;
			defaultConfigurationName = Release;
		};
/* End XCConfigurationList section */
	};
	rootObject = FB68214B2AF99809004D6B64 /* Project object */;
}
